
Microsoft Visual Studio Solution File, Format Version 12.00
# Visual Studio Version 16
VisualStudioVersion = 16.0.29519.181
MinimumVisualStudioVersion = 10.0.40219.1
Project("{FAE04EC0-301F-11D3-BF4B-00C04F79EFBC}") = "Feedback API", "Feedback API\Feedback API.csproj", "{D204529B-7BED-4E75-BB1F-347F79667E1C}"
EndProject
Global
	GlobalSection(SolutionConfigurationPlatforms) = preSolution
		Debug|Any CPU = Debug|Any CPU
		Release|Any CPU = Release|Any CPU
	EndGlobalSection
	GlobalSection(ProjectConfigurationPlatforms) = postSolution
		{D204529B-7BED-4E75-BB1F-347F79667E1C}.Debug|Any CPU.ActiveCfg = Debug|Any CPU
		{D204529B-7BED-4E75-BB1F-347F79667E1C}.Debug|Any CPU.Build.0 = Debug|Any CPU
		{D204529B-7BED-4E75-BB1F-347F79667E1C}.Release|Any CPU.ActiveCfg = Release|Any CPU
		{D204529B-7BED-4E75-BB1F-347F79667E1C}.Release|Any CPU.Build.0 = Release|Any CPU
	EndGlobalSection
	GlobalSection(SolutionProperties) = preSolution
		HideSolutionNode = FALSE
	EndGlobalSection
	GlobalSection(ExtensibilityGlobals) = postSolution
		SolutionGuid = {428425F6-C0B1-4E82-AD7B-C0D8088C4F08}
	EndGlobalSection
EndGlobal
